
Microsoft Visual Studio Solution File, Format Version 12.00
# Visual Studio Version 16
VisualStudioVersion = 16.0.30523.141
MinimumVisualStudioVersion = 10.0.40219.1
Project("{FAE04EC0-301F-11D3-BF4B-00C04F79EFBC}") = "DatabaseHomework-3", "DatabaseHomework-3\DatabaseHomework-3.csproj", "{D5C1282D-F3D4-4E7E-A76B-F4C6690D9F3F}"
EndProject
Global
	GlobalSection(SolutionConfigurationPlatforms) = preSolution
		Debug|Any CPU = Debug|Any CPU
		Release|Any CPU = Release|Any CPU
	EndGlobalSection
	GlobalSection(ProjectConfigurationPlatforms) = postSolution
		{D5C1282D-F3D4-4E7E-A76B-F4C6690D9F3F}.Debug|Any CPU.ActiveCfg = Debug|Any CPU
		{D5C1282D-F3D4-4E7E-A76B-F4C6690D9F3F}.Debug|Any CPU.Build.0 = Debug|Any CPU
		{D5C1282D-F3D4-4E7E-A76B-F4C6690D9F3F}.Release|Any CPU.ActiveCfg = Release|Any CPU
		{D5C1282D-F3D4-4E7E-A76B-F4C6690D9F3F}.Release|Any CPU.Build.0 = Release|Any CPU
	EndGlobalSection
	GlobalSection(SolutionProperties) = preSolution
		HideSolutionNode = FALSE
	EndGlobalSection
	GlobalSection(ExtensibilityGlobals) = postSolution
		SolutionGuid = {5EB33295-003C-48FF-95E5-24D0A80E5D05}
	EndGlobalSection
EndGlobal
